
Microsoft Visual Studio Solution File, Format Version 12.00
# Visual Studio Version 16
VisualStudioVersion = 16.0.30804.86
MinimumVisualStudioVersion = 10.0.40219.1
Project("{9A19103F-16F7-4668-BE54-9A1E7A4F7556}") = "TestBlazorApp", "TestBlazorApp\TestBlazorApp.csproj", "{EE3238F8-42FB-4E5E-893B-18599435D4AD}"
EndProject
Global
	GlobalSection(SolutionConfigurationPlatforms) = preSolution
		Debug|Any CPU = Debug|Any CPU
		Release|Any CPU = Release|Any CPU
	EndGlobalSection
	GlobalSection(ProjectConfigurationPlatforms) = postSolution
		{EE3238F8-42FB-4E5E-893B-18599435D4AD}.Debug|Any CPU.ActiveCfg = Debug|Any CPU
		{EE3238F8-42FB-4E5E-893B-18599435D4AD}.Debug|Any CPU.Build.0 = Debug|Any CPU
		{EE3238F8-42FB-4E5E-893B-18599435D4AD}.Release|Any CPU.ActiveCfg = Release|Any CPU
		{EE3238F8-42FB-4E5E-893B-18599435D4AD}.Release|Any CPU.Build.0 = Release|Any CPU
	EndGlobalSection
	GlobalSection(SolutionProperties) = preSolution
		HideSolutionNode = FALSE
	EndGlobalSection
	GlobalSection(ExtensibilityGlobals) = postSolution
		SolutionGuid = {3C8637E4-5A96-44A9-9E79-E98B09621923}
	EndGlobalSection
EndGlobal
